
Microsoft Visual Studio Solution File, Format Version 12.00
# Visual Studio 14
VisualStudioVersion = 14.0.25420.1
MinimumVisualStudioVersion = 10.0.40219.1
Project("{FAE04EC0-301F-11D3-BF4B-00C04F79EFBC}") = "SRIS", "SRIS\SRIS.csproj", "{1DA54CB6-8B73-4D87-AF40-7D5151F95D3A}"
	ProjectSection(ProjectDependencies) = postProject
		{A938BF5C-B641-47EB-A593-3F8284F4D3AA} = {A938BF5C-B641-47EB-A593-3F8284F4D3AA}
		{0C4B866C-C02F-4170-9778-5FD027C13207} = {0C4B866C-C02F-4170-9778-5FD027C13207}
		{66D92A88-75EB-417E-9C5D-9FE00BE1A907} = {66D92A88-75EB-417E-9C5D-9FE00BE1A907}
		{A47F80F8-6C98-4947-B230-AA5FD1F2A09E} = {A47F80F8-6C98-4947-B230-AA5FD1F2A09E}
	EndProjectSection
EndProject
Project("{FAE04EC0-301F-11D3-BF4B-00C04F79EFBC}") = "SRIS.Framework", "SRIS.Framework\SRIS.Framework.csproj", "{A938BF5C-B641-47EB-A593-3F8284F4D3AA}"
EndProject
Project("{FAE04EC0-301F-11D3-BF4B-00C04F79EFBC}") = "SRIS.DAL", "SRIS.DAL\SRIS.DAL.csproj", "{0C4B866C-C02F-4170-9778-5FD027C13207}"
	ProjectSection(ProjectDependencies) = postProject
		{A938BF5C-B641-47EB-A593-3F8284F4D3AA} = {A938BF5C-B641-47EB-A593-3F8284F4D3AA}
		{66D92A88-75EB-417E-9C5D-9FE00BE1A907} = {66D92A88-75EB-417E-9C5D-9FE00BE1A907}
		{A47F80F8-6C98-4947-B230-AA5FD1F2A09E} = {A47F80F8-6C98-4947-B230-AA5FD1F2A09E}
	EndProjectSection
EndProject
Project("{FAE04EC0-301F-11D3-BF4B-00C04F79EFBC}") = "SRIS.SPI", "SRIS.SPI\SRIS.SPI.csproj", "{66D92A88-75EB-417E-9C5D-9FE00BE1A907}"
	ProjectSection(ProjectDependencies) = postProject
		{A938BF5C-B641-47EB-A593-3F8284F4D3AA} = {A938BF5C-B641-47EB-A593-3F8284F4D3AA}
		{A47F80F8-6C98-4947-B230-AA5FD1F2A09E} = {A47F80F8-6C98-4947-B230-AA5FD1F2A09E}
	EndProjectSection
EndProject
Project("{FAE04EC0-301F-11D3-BF4B-00C04F79EFBC}") = "SRIS.Common", "SRIS.Common\SRIS.Common.csproj", "{F0EAA07D-5661-40FB-B94C-11A17A559A8A}"
EndProject
Project("{FAE04EC0-301F-11D3-BF4B-00C04F79EFBC}") = "SRIS.Model", "SRIS.Model\SRIS.Model.csproj", "{A47F80F8-6C98-4947-B230-AA5FD1F2A09E}"
	ProjectSection(ProjectDependencies) = postProject
		{A938BF5C-B641-47EB-A593-3F8284F4D3AA} = {A938BF5C-B641-47EB-A593-3F8284F4D3AA}
	EndProjectSection
EndProject
Global
	GlobalSection(SolutionConfigurationPlatforms) = preSolution
		Debug|Any CPU = Debug|Any CPU
		Release|Any CPU = Release|Any CPU
	EndGlobalSection
	GlobalSection(ProjectConfigurationPlatforms) = postSolution
		{1DA54CB6-8B73-4D87-AF40-7D5151F95D3A}.Debug|Any CPU.ActiveCfg = Debug|Any CPU
		{1DA54CB6-8B73-4D87-AF40-7D5151F95D3A}.Debug|Any CPU.Build.0 = Debug|Any CPU
		{1DA54CB6-8B73-4D87-AF40-7D5151F95D3A}.Release|Any CPU.ActiveCfg = Release|Any CPU
		{1DA54CB6-8B73-4D87-AF40-7D5151F95D3A}.Release|Any CPU.Build.0 = Release|Any CPU
		{A938BF5C-B641-47EB-A593-3F8284F4D3AA}.Debug|Any CPU.ActiveCfg = Debug|Any CPU
		{A938BF5C-B641-47EB-A593-3F8284F4D3AA}.Debug|Any CPU.Build.0 = Debug|Any CPU
		{A938BF5C-B641-47EB-A593-3F8284F4D3AA}.Release|Any CPU.ActiveCfg = Release|Any CPU
		{A938BF5C-B641-47EB-A593-3F8284F4D3AA}.Release|Any CPU.Build.0 = Release|Any CPU
		{0C4B866C-C02F-4170-9778-5FD027C13207}.Debug|Any CPU.ActiveCfg = Debug|Any CPU
		{0C4B866C-C02F-4170-9778-5FD027C13207}.Debug|Any CPU.Build.0 = Debug|Any CPU
		{0C4B866C-C02F-4170-9778-5FD027C13207}.Release|Any CPU.ActiveCfg = Release|Any CPU
		{0C4B866C-C02F-4170-9778-5FD027C13207}.Release|Any CPU.Build.0 = Release|Any CPU
		{66D92A88-75EB-417E-9C5D-9FE00BE1A907}.Debug|Any CPU.ActiveCfg = Debug|Any CPU
		{66D92A88-75EB-417E-9C5D-9FE00BE1A907}.Debug|Any CPU.Build.0 = Debug|Any CPU
		{66D92A88-75EB-417E-9C5D-9FE00BE1A907}.Release|Any CPU.ActiveCfg = Release|Any CPU
		{66D92A88-75EB-417E-9C5D-9FE00BE1A907}.Release|Any CPU.Build.0 = Release|Any CPU
		{F0EAA07D-5661-40FB-B94C-11A17A559A8A}.Debug|Any CPU.ActiveCfg = Debug|Any CPU
		{F0EAA07D-5661-40FB-B94C-11A17A559A8A}.Debug|Any CPU.Build.0 = Debug|Any CPU
		{F0EAA07D-5661-40FB-B94C-11A17A559A8A}.Release|Any CPU.ActiveCfg = Release|Any CPU
		{F0EAA07D-5661-40FB-B94C-11A17A559A8A}.Release|Any CPU.Build.0 = Release|Any CPU
		{A47F80F8-6C98-4947-B230-AA5FD1F2A09E}.Debug|Any CPU.ActiveCfg = Debug|Any CPU
		{A47F80F8-6C98-4947-B230-AA5FD1F2A09E}.Debug|Any CPU.Build.0 = Debug|Any CPU
		{A47F80F8-6C98-4947-B230-AA5FD1F2A09E}.Release|Any CPU.ActiveCfg = Release|Any CPU
		{A47F80F8-6C98-4947-B230-AA5FD1F2A09E}.Release|Any CPU.Build.0 = Release|Any CPU
	EndGlobalSection
	GlobalSection(SolutionProperties) = preSolution
		HideSolutionNode = FALSE
	EndGlobalSection
EndGlobal
